
Microsoft Visual Studio Solution File, Format Version 12.00
# Visual Studio Version 17
VisualStudioVersion = 17.3.32922.545
MinimumVisualStudioVersion = 10.0.40219.1
Project("{54A90642-561A-4BB1-A94E-469ADEE60C69}") = "eva_001", "eva_001.esproj", "{2B45E5AE-0854-4182-A472-A4F44BF8B5D9}"
EndProject
Project("{9A19103F-16F7-4668-BE54-9A1E7A4F7556}") = "eva_webApp", "..\eva_webApp\eva_webApp.csproj", "{EF2FDCAD-BAE3-4858-864A-0517C186FF20}"
EndProject
Project("{FAE04EC0-301F-11D3-BF4B-00C04F79EFBC}") = "eva_application", "..\eva_application\eva_application.csproj", "{10080CCD-09DD-4144-91F1-5E3F19015FB2}"
EndProject
Global
	GlobalSection(SolutionConfigurationPlatforms) = preSolution
		Debug|Any CPU = Debug|Any CPU
		Release|Any CPU = Release|Any CPU
	EndGlobalSection
	GlobalSection(ProjectConfigurationPlatforms) = postSolution
		{2B45E5AE-0854-4182-A472-A4F44BF8B5D9}.Debug|Any CPU.ActiveCfg = Debug|Any CPU
		{2B45E5AE-0854-4182-A472-A4F44BF8B5D9}.Debug|Any CPU.Build.0 = Debug|Any CPU
		{2B45E5AE-0854-4182-A472-A4F44BF8B5D9}.Debug|Any CPU.Deploy.0 = Debug|Any CPU
		{2B45E5AE-0854-4182-A472-A4F44BF8B5D9}.Release|Any CPU.ActiveCfg = Release|Any CPU
		{2B45E5AE-0854-4182-A472-A4F44BF8B5D9}.Release|Any CPU.Build.0 = Release|Any CPU
		{2B45E5AE-0854-4182-A472-A4F44BF8B5D9}.Release|Any CPU.Deploy.0 = Release|Any CPU
		{EF2FDCAD-BAE3-4858-864A-0517C186FF20}.Debug|Any CPU.ActiveCfg = Debug|Any CPU
		{EF2FDCAD-BAE3-4858-864A-0517C186FF20}.Debug|Any CPU.Build.0 = Debug|Any CPU
		{EF2FDCAD-BAE3-4858-864A-0517C186FF20}.Release|Any CPU.ActiveCfg = Release|Any CPU
		{EF2FDCAD-BAE3-4858-864A-0517C186FF20}.Release|Any CPU.Build.0 = Release|Any CPU
		{10080CCD-09DD-4144-91F1-5E3F19015FB2}.Debug|Any CPU.ActiveCfg = Debug|Any CPU
		{10080CCD-09DD-4144-91F1-5E3F19015FB2}.Debug|Any CPU.Build.0 = Debug|Any CPU
		{10080CCD-09DD-4144-91F1-5E3F19015FB2}.Release|Any CPU.ActiveCfg = Release|Any CPU
		{10080CCD-09DD-4144-91F1-5E3F19015FB2}.Release|Any CPU.Build.0 = Release|Any CPU
	EndGlobalSection
	GlobalSection(SolutionProperties) = preSolution
		HideSolutionNode = FALSE
	EndGlobalSection
	GlobalSection(ExtensibilityGlobals) = postSolution
		SolutionGuid = {14152C32-7EE3-43A9-950E-7A8E86549FD1}
	EndGlobalSection
EndGlobal
